
Microsoft Visual Studio Solution File, Format Version 12.00
# Visual Studio Version 16
VisualStudioVersion = 16.0.31105.61
MinimumVisualStudioVersion = 10.0.40219.1
Project("{9A19103F-16F7-4668-BE54-9A1E7A4F7556}") = "DataTablesBlazor.Server", "DataTablesBlazor\Server\DataTablesBlazor.Server.csproj", "{403FCB5F-4A06-4EEF-8AEF-B29FB9279545}"
EndProject
Project("{9A19103F-16F7-4668-BE54-9A1E7A4F7556}") = "DataTablesBlazor.Client", "DataTablesBlazor\Client\DataTablesBlazor.Client.csproj", "{D68A2262-C0F9-4E1B-A0EA-39A8B18354BC}"
EndProject
Project("{9A19103F-16F7-4668-BE54-9A1E7A4F7556}") = "DataTablesBlazor.Shared", "DataTablesBlazor\Shared\DataTablesBlazor.Shared.csproj", "{8D9FD329-9575-4B41-B179-99D9BD5D2496}"
EndProject
Global
	GlobalSection(SolutionConfigurationPlatforms) = preSolution
		Debug|Any CPU = Debug|Any CPU
		Release|Any CPU = Release|Any CPU
	EndGlobalSection
	GlobalSection(ProjectConfigurationPlatforms) = postSolution
		{403FCB5F-4A06-4EEF-8AEF-B29FB9279545}.Debug|Any CPU.ActiveCfg = Debug|Any CPU
		{403FCB5F-4A06-4EEF-8AEF-B29FB9279545}.Debug|Any CPU.Build.0 = Debug|Any CPU
		{403FCB5F-4A06-4EEF-8AEF-B29FB9279545}.Release|Any CPU.ActiveCfg = Release|Any CPU
		{403FCB5F-4A06-4EEF-8AEF-B29FB9279545}.Release|Any CPU.Build.0 = Release|Any CPU
		{D68A2262-C0F9-4E1B-A0EA-39A8B18354BC}.Debug|Any CPU.ActiveCfg = Debug|Any CPU
		{D68A2262-C0F9-4E1B-A0EA-39A8B18354BC}.Debug|Any CPU.Build.0 = Debug|Any CPU
		{D68A2262-C0F9-4E1B-A0EA-39A8B18354BC}.Release|Any CPU.ActiveCfg = Release|Any CPU
		{D68A2262-C0F9-4E1B-A0EA-39A8B18354BC}.Release|Any CPU.Build.0 = Release|Any CPU
		{8D9FD329-9575-4B41-B179-99D9BD5D2496}.Debug|Any CPU.ActiveCfg = Debug|Any CPU
		{8D9FD329-9575-4B41-B179-99D9BD5D2496}.Debug|Any CPU.Build.0 = Debug|Any CPU
		{8D9FD329-9575-4B41-B179-99D9BD5D2496}.Release|Any CPU.ActiveCfg = Release|Any CPU
		{8D9FD329-9575-4B41-B179-99D9BD5D2496}.Release|Any CPU.Build.0 = Release|Any CPU
	EndGlobalSection
	GlobalSection(SolutionProperties) = preSolution
		HideSolutionNode = FALSE
	EndGlobalSection
	GlobalSection(ExtensibilityGlobals) = postSolution
		SolutionGuid = {80B9FAD0-2EA4-49A1-BEFC-9D56D29632D0}
	EndGlobalSection
EndGlobal
